
Microsoft Visual Studio Solution File, Format Version 12.00
# Visual Studio Version 17
VisualStudioVersion = 17.1.32319.34
MinimumVisualStudioVersion = 10.0.40219.1
Project("{8BC9CEB8-8B4A-11D0-8D11-00A0C91BC942}") = "UMFLab2", "UMFLab2\UMFLab2.vcxproj", "{807C7FF6-0B7D-4636-B341-4225F6BBBA53}"
EndProject
Global
	GlobalSection(SolutionConfigurationPlatforms) = preSolution
		Debug|x64 = Debug|x64
		Debug|x86 = Debug|x86
		Release|x64 = Release|x64
		Release|x86 = Release|x86
	EndGlobalSection
	GlobalSection(ProjectConfigurationPlatforms) = postSolution
		{807C7FF6-0B7D-4636-B341-4225F6BBBA53}.Debug|x64.ActiveCfg = Debug|x64
		{807C7FF6-0B7D-4636-B341-4225F6BBBA53}.Debug|x64.Build.0 = Debug|x64
		{807C7FF6-0B7D-4636-B341-4225F6BBBA53}.Debug|x86.ActiveCfg = Debug|Win32
		{807C7FF6-0B7D-4636-B341-4225F6BBBA53}.Debug|x86.Build.0 = Debug|Win32
		{807C7FF6-0B7D-4636-B341-4225F6BBBA53}.Release|x64.ActiveCfg = Release|x64
		{807C7FF6-0B7D-4636-B341-4225F6BBBA53}.Release|x64.Build.0 = Release|x64
		{807C7FF6-0B7D-4636-B341-4225F6BBBA53}.Release|x86.ActiveCfg = Release|Win32
		{807C7FF6-0B7D-4636-B341-4225F6BBBA53}.Release|x86.Build.0 = Release|Win32
	EndGlobalSection
	GlobalSection(SolutionProperties) = preSolution
		HideSolutionNode = FALSE
	EndGlobalSection
	GlobalSection(ExtensibilityGlobals) = postSolution
		SolutionGuid = {8BAEA0B5-7513-4053-8CDE-8E774D687035}
	EndGlobalSection
EndGlobal
